
Microsoft Visual Studio Solution File, Format Version 12.00
# Visual Studio Version 17
VisualStudioVersion = 17.11.35327.3
MinimumVisualStudioVersion = 10.0.40219.1
Project("{FAE04EC0-301F-11D3-BF4B-00C04F79EFBC}") = "ERPDeveloperModule", "ERPDeveloperModule\ERPDeveloperModule.csproj", "{99B3ACC0-1A2B-4C1A-BE47-BA5809836994}"
EndProject
Project("{FAE04EC0-301F-11D3-BF4B-00C04F79EFBC}") = "DeveloperModel", "ClassLibrary1\DeveloperModel.csproj", "{EEB9CC54-5153-4A22-9336-CFFBD83AC0DA}"
EndProject
Project("{FAE04EC0-301F-11D3-BF4B-00C04F79EFBC}") = "Developer_Services", "Developer_Services\Developer_Services.csproj", "{1297D18E-CE6C-49F3-8E56-F57A7912BE90}"
EndProject
Global
	GlobalSection(SolutionConfigurationPlatforms) = preSolution
		Debug|Any CPU = Debug|Any CPU
		Release|Any CPU = Release|Any CPU
	EndGlobalSection
	GlobalSection(ProjectConfigurationPlatforms) = postSolution
		{99B3ACC0-1A2B-4C1A-BE47-BA5809836994}.Debug|Any CPU.ActiveCfg = Debug|Any CPU
		{99B3ACC0-1A2B-4C1A-BE47-BA5809836994}.Debug|Any CPU.Build.0 = Debug|Any CPU
		{99B3ACC0-1A2B-4C1A-BE47-BA5809836994}.Release|Any CPU.ActiveCfg = Release|Any CPU
		{99B3ACC0-1A2B-4C1A-BE47-BA5809836994}.Release|Any CPU.Build.0 = Release|Any CPU
		{EEB9CC54-5153-4A22-9336-CFFBD83AC0DA}.Debug|Any CPU.ActiveCfg = Debug|Any CPU
		{EEB9CC54-5153-4A22-9336-CFFBD83AC0DA}.Debug|Any CPU.Build.0 = Debug|Any CPU
		{EEB9CC54-5153-4A22-9336-CFFBD83AC0DA}.Release|Any CPU.ActiveCfg = Release|Any CPU
		{EEB9CC54-5153-4A22-9336-CFFBD83AC0DA}.Release|Any CPU.Build.0 = Release|Any CPU
		{1297D18E-CE6C-49F3-8E56-F57A7912BE90}.Debug|Any CPU.ActiveCfg = Debug|Any CPU
		{1297D18E-CE6C-49F3-8E56-F57A7912BE90}.Debug|Any CPU.Build.0 = Debug|Any CPU
		{1297D18E-CE6C-49F3-8E56-F57A7912BE90}.Release|Any CPU.ActiveCfg = Release|Any CPU
		{1297D18E-CE6C-49F3-8E56-F57A7912BE90}.Release|Any CPU.Build.0 = Release|Any CPU
	EndGlobalSection
	GlobalSection(SolutionProperties) = preSolution
		HideSolutionNode = FALSE
	EndGlobalSection
	GlobalSection(ExtensibilityGlobals) = postSolution
		SolutionGuid = {D81D6AC5-024B-48DD-B567-4C494E861682}
	EndGlobalSection
EndGlobal
